<?xml version="1.0" encoding="utf-8"?>
<Project ToolsVersion="4.0" xmlns="http://schemas.microsoft.com/developer/msbuild/2003">
  <ItemGroup>
    <Filter Include="소스 파일">
      <UniqueIdentifier>{4FC737F1-C7A5-4376-A066-2A32D752A2FF}</UniqueIdentifier>
      <Extensions>cpp;c;cc;cxx;c++;cppm;ixx;def;odl;idl;hpj;bat;asm;asmx</Extensions>
    </Filter>
    <Filter Include="헤더 파일">
      <UniqueIdentifier>{93995380-89BD-4b04-88EB-625FBE52EBFB}</UniqueIdentifier>
      <Extensions>h;hh;hpp;hxx;h++;hm;inl;inc;ipp;xsd</Extensions>
    </Filter>
    <Filter Include="리소스 파일">
      <UniqueIdentifier>{67DA6AB6-F800-4c08-8B7A-83BB121AAD01}</UniqueIdentifier>
      <Extensions>rc;ico;cur;bmp;dlg;rc2;rct;bin;rgs;gif;jpg;jpeg;jpe;resx;tiff;tif;png;wav;mfcribbon-ms</Extensions>
    </Filter>
  </ItemGroup>
  <ItemGroup>
    <ClCompile Include="cpp\WinMain.cpp">
      <Filter>소스 파일</Filter>
    </ClCompile>
    <ClCompile Include="cpp\WindowMessageMap.cpp">
      <Filter>소스 파일</Filter>
    </ClCompile>
    <ClCompile Include="cpp\Window.cpp">
      <Filter>소스 파일</Filter>
    </ClCompile>
    <ClCompile Include="cpp\PException.cpp">
      <Filter>소스 파일</Filter>
    </ClCompile>
    <ClCompile Include="cpp\Keyboard.cpp">
      <Filter>소스 파일</Filter>
    </ClCompile>
    <ClCompile Include="cpp\Mouse.cpp">
      <Filter>소스 파일</Filter>
    </ClCompile>
    <ClCompile Include="cpp\App.cpp">
      <Filter>소스 파일</Filter>
    </ClCompile>
    <ClCompile Include="cpp\PTimer.cpp">
      <Filter>소스 파일</Filter>
    </ClCompile>
    <ClCompile Include="cpp\Graphics.cpp">
      <Filter>소스 파일</Filter>
    </ClCompile>
    <ClCompile Include="dxerr.cpp">
      <Filter>소스 파일</Filter>
    </ClCompile>
    <ClCompile Include="cpp\DxgiInfoManager.cpp">
      <Filter>소스 파일</Filter>
    </ClCompile>
    <ClCompile Include="cpp\Bindable\Bindable.cpp">
      <Filter>소스 파일</Filter>
    </ClCompile>
    <ClCompile Include="cpp\Bindable\IndexBuffer.cpp">
      <Filter>소스 파일</Filter>
    </ClCompile>
    <ClCompile Include="cpp\Bindable\InputLayout.cpp">
      <Filter>소스 파일</Filter>
    </ClCompile>
    <ClCompile Include="cpp\Bindable\PixelShader.cpp">
      <Filter>소스 파일</Filter>
    </ClCompile>
    <ClCompile Include="cpp\Bindable\Topology.cpp">
      <Filter>소스 파일</Filter>
    </ClCompile>
    <ClCompile Include="cpp\Bindable\TransfromCBuf.cpp">
      <Filter>소스 파일</Filter>
    </ClCompile>
    <ClCompile Include="cpp\Bindable\VertexBuffer.cpp">
      <Filter>소스 파일</Filter>
    </ClCompile>
    <ClCompile Include="cpp\Bindable\VertexShader.cpp">
      <Filter>소스 파일</Filter>
    </ClCompile>
    <ClCompile Include="cpp\Drawable\Drawable.cpp">
      <Filter>소스 파일</Filter>
    </ClCompile>
    <ClCompile Include="cpp\Drawable\Box.cpp">
      <Filter>소스 파일</Filter>
    </ClCompile>
  </ItemGroup>
  <ItemGroup>
    <ClInclude Include="header\Window.h">
      <Filter>헤더 파일</Filter>
    </ClInclude>
    <ClInclude Include="header\WindowMessageMap.h">
      <Filter>헤더 파일</Filter>
    </ClInclude>
    <ClInclude Include="header\Win.h">
      <Filter>헤더 파일</Filter>
    </ClInclude>
    <ClInclude Include="header\PException.h">
      <Filter>헤더 파일</Filter>
    </ClInclude>
    <ClInclude Include="resource.h">
      <Filter>헤더 파일</Filter>
    </ClInclude>
    <ClInclude Include="header\Keyboard.h">
      <Filter>헤더 파일</Filter>
    </ClInclude>
    <ClInclude Include="header\Mouse.h">
      <Filter>헤더 파일</Filter>
    </ClInclude>
    <ClInclude Include="header\App.h">
      <Filter>헤더 파일</Filter>
    </ClInclude>
    <ClInclude Include="header\PTimer.h">
      <Filter>헤더 파일</Filter>
    </ClInclude>
    <ClInclude Include="header\Graphics.h">
      <Filter>헤더 파일</Filter>
    </ClInclude>
    <ClInclude Include="dxerr.h">
      <Filter>헤더 파일</Filter>
    </ClInclude>
    <ClInclude Include="header\DxgiInfoManager.h">
      <Filter>헤더 파일</Filter>
    </ClInclude>
    <ClInclude Include="header\Macros\GraphicThrowMacros.h">
      <Filter>헤더 파일</Filter>
    </ClInclude>
    <ClInclude Include="header\Macros\WindowThrowMacros.h">
      <Filter>헤더 파일</Filter>
    </ClInclude>
    <ClInclude Include="header\Bindable\Bindable.h">
      <Filter>헤더 파일</Filter>
    </ClInclude>
    <ClInclude Include="header\Bindable\IndexBuffer.h">
      <Filter>헤더 파일</Filter>
    </ClInclude>
    <ClInclude Include="header\Bindable\InputLayout.h">
      <Filter>헤더 파일</Filter>
    </ClInclude>
    <ClInclude Include="header\Bindable\PixelShader.h">
      <Filter>헤더 파일</Filter>
    </ClInclude>
    <ClInclude Include="header\Bindable\Topology.h">
      <Filter>헤더 파일</Filter>
    </ClInclude>
    <ClInclude Include="header\Bindable\TransformCbuf.h">
      <Filter>헤더 파일</Filter>
    </ClInclude>
    <ClInclude Include="header\Bindable\VertexBuffer.h">
      <Filter>헤더 파일</Filter>
    </ClInclude>
    <ClInclude Include="header\Bindable\VertexShader.h">
      <Filter>헤더 파일</Filter>
    </ClInclude>
    <ClInclude Include="header\Bindable\BindableBase.h">
      <Filter>헤더 파일</Filter>
    </ClInclude>
    <ClInclude Include="header\Bindable\ConstantBuffers.h">
      <Filter>헤더 파일</Filter>
    </ClInclude>
    <ClInclude Include="header\Drawable\Drawable.h">
      <Filter>헤더 파일</Filter>
    </ClInclude>
    <ClInclude Include="header\Drawable\Box.h">
      <Filter>헤더 파일</Filter>
    </ClInclude>
    <ClInclude Include="header\Drawable\DrawableBase.h">
      <Filter>헤더 파일</Filter>
    </ClInclude>
    <ClInclude Include="header\Figure\IndexedTriangleList.h">
      <Filter>헤더 파일</Filter>
    </ClInclude>
    <ClInclude Include="header\LHJMath.h">
      <Filter>헤더 파일</Filter>
    </ClInclude>
    <ClInclude Include="header\Figure\Cone.h">
      <Filter>헤더 파일</Filter>
    </ClInclude>
    <ClInclude Include="header\Figure\Cube.h">
      <Filter>헤더 파일</Filter>
    </ClInclude>
    <ClInclude Include="header\Figure\Plane.h">
      <Filter>헤더 파일</Filter>
    </ClInclude>
  </ItemGroup>
  <ItemGroup>
    <ResourceCompile Include="DirectX.rc">
      <Filter>리소스 파일</Filter>
    </ResourceCompile>
  </ItemGroup>
  <ItemGroup>
    <Image Include="icon1.ico">
      <Filter>리소스 파일</Filter>
    </Image>
  </ItemGroup>
  <ItemGroup>
    <None Include="DXGetErrorDescription.inl">
      <Filter>헤더 파일</Filter>
    </None>
    <None Include="DXGetErrorString.inl">
      <Filter>헤더 파일</Filter>
    </None>
    <None Include="DXTrace.inl">
      <Filter>헤더 파일</Filter>
    </None>
  </ItemGroup>
  <ItemGroup>
    <FxCompile Include="shader\VertexShader.hlsl" />
    <FxCompile Include="shader\PixelShader.hlsl" />
  </ItemGroup>
</Project>